
Microsoft Visual Studio Solution File, Format Version 12.00
# Visual Studio Version 17
VisualStudioVersion = 17.5.33516.290
MinimumVisualStudioVersion = 10.0.40219.1
Project("{9A19103F-16F7-4668-BE54-9A1E7A4F7556}") = "TwoSum", "1. TwoSum\TwoSum.csproj", "{D75E7A52-43DC-42C0-965A-EDD2B10CA4D3}"
EndProject
Project("{9A19103F-16F7-4668-BE54-9A1E7A4F7556}") = "AddTwoNumbers", "2. AddTwoNumbers\AddTwoNumbers.csproj", "{85EF2134-1835-433F-AC43-2F2F29154EB4}"
EndProject
Project("{9A19103F-16F7-4668-BE54-9A1E7A4F7556}") = "Longest Substring Without Repeating Characters", "3. Longest Substring Without Repeating Characters\Longest Substring Without Repeating Characters.csproj", "{4B1E32E0-A527-4681-9256-7115A7122B36}"
EndProject
Project("{9A19103F-16F7-4668-BE54-9A1E7A4F7556}") = "Median of Two Sorted Arrays", "4. Median of Two Sorted Arrays\Median of Two Sorted Arrays.csproj", "{30B6B25F-F167-4ED6-A222-9E6C9C29EB13}"
EndProject
Project("{9A19103F-16F7-4668-BE54-9A1E7A4F7556}") = "Longest Palindromic Substring", "5. Longest Palindromic Substring\Longest Palindromic Substring.csproj", "{69B3E5AF-703A-4626-AAFA-FF5D60832CF8}"
EndProject
Project("{9A19103F-16F7-4668-BE54-9A1E7A4F7556}") = "Zigzag Conversion", "6.Zigzag Conversion\Zigzag Conversion.csproj", "{B5DDCF2A-3153-49AF-8EAD-FEDBB82015EC}"
EndProject
Project("{9A19103F-16F7-4668-BE54-9A1E7A4F7556}") = "Reverse Integer", "7. Reverse Integer\Reverse Integer.csproj", "{E9AF0979-9D72-4CF8-901C-58E06C6081A9}"
EndProject
Project("{9A19103F-16F7-4668-BE54-9A1E7A4F7556}") = "String to Integer (atoi)", "8. String to Integer (atoi)\String to Integer (atoi).csproj", "{A87D4875-DDAC-49A0-BD74-92A97B2CF437}"
EndProject
Project("{9A19103F-16F7-4668-BE54-9A1E7A4F7556}") = "Regular Expression Matching", "9. Regular Expression Matching\Regular Expression Matching.csproj", "{98CFE9CC-701A-4096-B19D-CD0EAA658948}"
EndProject
Project("{9A19103F-16F7-4668-BE54-9A1E7A4F7556}") = "Container With Most Water", "10. Container With Most Water\Container With Most Water.csproj", "{DD4CD5F3-CE48-4FEF-8702-5E03ABEB8C63}"
EndProject
Project("{9A19103F-16F7-4668-BE54-9A1E7A4F7556}") = "3Sum", "15. 3Sum\3Sum.csproj", "{A7E4DF40-D10F-484F-B723-E319D017CC68}"
EndProject
Project("{9A19103F-16F7-4668-BE54-9A1E7A4F7556}") = "3Sum Closest", "16. 3Sum Closest\3Sum Closest.csproj", "{E9FD1E72-9B4D-4D2F-A741-BEF6645C8F5A}"
EndProject
Project("{9A19103F-16F7-4668-BE54-9A1E7A4F7556}") = "Letter Combinations of a Phone Number", "17. Letter Combinations of a Phone Number\Letter Combinations of a Phone Number.csproj", "{F800CD30-C734-4859-8E1B-6BF77FD2D427}"
EndProject
Project("{9A19103F-16F7-4668-BE54-9A1E7A4F7556}") = "4Sum", "18. 4Sum\4Sum.csproj", "{CAF265A5-0774-4C0C-AE3C-FAB0BBA674AA}"
EndProject
Project("{9A19103F-16F7-4668-BE54-9A1E7A4F7556}") = "Remove Nth Node From End pf List", "19. Remove Nth Node From End pf List\Remove Nth Node From End pf List.csproj", "{B2236D70-960F-4456-92BA-2B9A2BE77FA6}"
EndProject
Project("{9A19103F-16F7-4668-BE54-9A1E7A4F7556}") = "Valid Parentheses", "20. Valid Parentheses\Valid Parentheses.csproj", "{D73E26D9-D219-4A89-BF13-0BCA13162E99}"
EndProject
Project("{9A19103F-16F7-4668-BE54-9A1E7A4F7556}") = "Merge Two Sorted Lists", "21. Merge Two Sorted Lists\Merge Two Sorted Lists.csproj", "{CAA1EB3C-E793-4700-8847-8935EEB3E8C5}"
EndProject
Project("{9A19103F-16F7-4668-BE54-9A1E7A4F7556}") = "Generate Parenthesis", "22. Generate Parenthesis\Generate Parenthesis.csproj", "{89F8D40F-2030-445E-AA5B-1C777B12C4C6}"
EndProject
Project("{9A19103F-16F7-4668-BE54-9A1E7A4F7556}") = "Reverse Nodes in k-Group", "24. Reverse Nodes in k-Group\Reverse Nodes in k-Group.csproj", "{5F5321B5-DFDA-4CFB-8A78-B55F76A94974}"
EndProject
Project("{9A19103F-16F7-4668-BE54-9A1E7A4F7556}") = "Divide Two Integers", "29. Divide Two Integers\Divide Two Integers.csproj", "{157EEE25-3135-4578-9FF4-FD6A7F8015AB}"
EndProject
Project("{9A19103F-16F7-4668-BE54-9A1E7A4F7556}") = "Substring with Concatenation of All Words", "30. Substring with Concatenation of All Words\Substring with Concatenation of All Words.csproj", "{55C75EEF-E5F8-4928-8F10-720B09CEC0D3}"
EndProject
Project("{9A19103F-16F7-4668-BE54-9A1E7A4F7556}") = "Swap Nodes in Pairs", "25. Swap Nodes in Pairs\Swap Nodes in Pairs.csproj", "{AA5A39B3-D5C2-491C-8D9D-71A99F5F7693}"
EndProject
Project("{9A19103F-16F7-4668-BE54-9A1E7A4F7556}") = "Merge k Sorted Lists", "23. Merge k Sorted Lists\Merge k Sorted Lists.csproj", "{5DB58201-B61D-4848-9452-E21CEE027F91}"
EndProject
Project("{9A19103F-16F7-4668-BE54-9A1E7A4F7556}") = "Remove Duplicates from Sorted Array", "26. Remove Duplicates from Sorted Array\Remove Duplicates from Sorted Array.csproj", "{C1AAA095-E381-4A81-A665-F4D08A0F0F07}"
EndProject
Project("{9A19103F-16F7-4668-BE54-9A1E7A4F7556}") = "Remove Element", "27. Remove Element\Remove Element.csproj", "{342CB723-4AAA-46D2-ABBC-00F55672CDC1}"
EndProject
Project("{9A19103F-16F7-4668-BE54-9A1E7A4F7556}") = "Find the Index of the First Occurrence in a String", "28. Find the Index of the First Occurrence in a String\Find the Index of the First Occurrence in a String.csproj", "{3D3DF232-598B-487C-AD0F-DD108ABBE8EA}"
EndProject
Project("{9A19103F-16F7-4668-BE54-9A1E7A4F7556}") = "Next Permutation", "31. Next Permutation\Next Permutation.csproj", "{CE3CCC5C-ED41-4577-B78C-FE0EB317E821}"
EndProject
Project("{9A19103F-16F7-4668-BE54-9A1E7A4F7556}") = "Longest Valid Parentheses", "32. Longest Valid Parentheses\Longest Valid Parentheses.csproj", "{56E60F90-025B-4E47-BA02-2E8EEE326FA5}"
EndProject
Project("{9A19103F-16F7-4668-BE54-9A1E7A4F7556}") = "Search in Rotated Sorted Array", "33. Search in Rotated Sorted Array\Search in Rotated Sorted Array.csproj", "{2E198593-8104-45F0-90EA-D1DFF6763604}"
EndProject
Project("{9A19103F-16F7-4668-BE54-9A1E7A4F7556}") = "Find Firset and Last Position of Element in Sorted Array", "34. Find Firset and Last Position of Element in Sorted Array\Find Firset and Last Position of Element in Sorted Array.csproj", "{873E9806-11F5-44FD-AE07-D6F43DE568A2}"
EndProject
Project("{9A19103F-16F7-4668-BE54-9A1E7A4F7556}") = "Valid Sudoku", "36. Valid Sudoku\Valid Sudoku.csproj", "{5CFBE930-F8B8-4667-A2C8-5DFFE2B00C5D}"
EndProject
Project("{9A19103F-16F7-4668-BE54-9A1E7A4F7556}") = "Sudoku Solver", "37.Sudoku Solver\Sudoku Solver.csproj", "{946EC489-1092-4F7F-938F-0815C10B290C}"
EndProject
Project("{9A19103F-16F7-4668-BE54-9A1E7A4F7556}") = "Count and Say", "38. Count and Say\Count and Say.csproj", "{027D3D30-EFCC-4EB8-BF0A-4BA92800E56A}"
EndProject
Project("{9A19103F-16F7-4668-BE54-9A1E7A4F7556}") = "Combination Sum", "39. Combination Sum\Combination Sum.csproj", "{7037E0EA-F078-4E66-A821-2AB84164015D}"
EndProject
Project("{2150E333-8FDC-42A3-9474-1A3956D46DE8}") = "1-10", "1-10", "{5706E668-C743-454C-8A75-62F63BA413BB}"
EndProject
Project("{2150E333-8FDC-42A3-9474-1A3956D46DE8}") = "11-20", "11-20", "{8EEE481F-699A-43D8-921E-2456C05DFA55}"
EndProject
Project("{2150E333-8FDC-42A3-9474-1A3956D46DE8}") = "21-30", "21-30", "{D4D25FD0-109A-427E-B01D-8EEA560D4A41}"
EndProject
Project("{2150E333-8FDC-42A3-9474-1A3956D46DE8}") = "31-40", "31-40", "{03A5086D-CE1B-4416-8BA9-8328D0EDAE41}"
EndProject
Project("{2150E333-8FDC-42A3-9474-1A3956D46DE8}") = "41-50", "41-50", "{3CC63AAB-625C-40DB-B557-795FCC08BD78}"
EndProject
Project("{9A19103F-16F7-4668-BE54-9A1E7A4F7556}") = "Combination Sum II", "40. Combination Sum II\Combination Sum II.csproj", "{A03D7180-E127-4A25-A0FD-C775F225FA2B}"
EndProject
Project("{9A19103F-16F7-4668-BE54-9A1E7A4F7556}") = "First missing Positive", "41. First missing Positive\First missing Positive.csproj", "{01D194C0-63BE-41AA-B516-2B267812C756}"
EndProject
Project("{9A19103F-16F7-4668-BE54-9A1E7A4F7556}") = "Trapping Rain Water", "42. Trapping Rain Water\Trapping Rain Water.csproj", "{ED108EA9-DBF1-4453-ABEF-B700580CA5EF}"
EndProject
Project("{9A19103F-16F7-4668-BE54-9A1E7A4F7556}") = "Wildcard Matching", "44. Wildcard Matching\Wildcard Matching.csproj", "{EBB8A877-365E-4777-85D8-D4F6ABBAD2FB}"
EndProject
Project("{9A19103F-16F7-4668-BE54-9A1E7A4F7556}") = "Jump Game II", "45. Jump Game II\Jump Game II.csproj", "{96A4EF0C-BBA9-4469-A87C-BBD5C58EE8A1}"
EndProject
Project("{9A19103F-16F7-4668-BE54-9A1E7A4F7556}") = "Permutations", "46. Permutations\Permutations.csproj", "{493A8E15-7650-4D48-8D8B-7F4579D5185C}"
EndProject
Project("{9A19103F-16F7-4668-BE54-9A1E7A4F7556}") = "Permutations II", "47. Permutations II\Permutations II.csproj", "{B6DDC614-CD77-42A3-8848-20FD0F0AB93C}"
EndProject
Project("{9A19103F-16F7-4668-BE54-9A1E7A4F7556}") = "Rotate Image", "48. Rotate Image\Rotate Image.csproj", "{9A6EED32-EE96-48B0-A833-7458AA56B912}"
EndProject
Project("{9A19103F-16F7-4668-BE54-9A1E7A4F7556}") = "Group Anagrams", "49. Group Anagrams\Group Anagrams.csproj", "{3B087E55-859E-484D-A7F6-51D391AEB9C3}"
EndProject
Project("{9A19103F-16F7-4668-BE54-9A1E7A4F7556}") = "Pow(x, n)", "50. Pow(x, n)\Pow(x, n).csproj", "{D41F34E5-29E1-4CA0-8027-CDFB3FFB53B7}"
EndProject
Project("{2150E333-8FDC-42A3-9474-1A3956D46DE8}") = "51-60", "51-60", "{C84EE484-7359-4362-9A6E-81AC08E8EDF8}"
EndProject
Project("{9A19103F-16F7-4668-BE54-9A1E7A4F7556}") = "N-Queens", "51. N-Queens\N-Queens.csproj", "{982F2248-B0AF-45B4-B2AA-E85BDE456A02}"
EndProject
Project("{9A19103F-16F7-4668-BE54-9A1E7A4F7556}") = "BullsAndCows", "_. BullsAndCows\BullsAndCows\BullsAndCows.csproj", "{8592CC3B-316E-4DDF-B291-AAF6C115C2A5}"
EndProject
Project("{9A19103F-16F7-4668-BE54-9A1E7A4F7556}") = "Maximum Subarray", "53. Maximum Subarray\Maximum Subarray.csproj", "{20D1E3E4-AB22-4D17-9B13-9659679C2ABF}"
EndProject
Project("{9A19103F-16F7-4668-BE54-9A1E7A4F7556}") = "Spiral Matrix", "54. Spiral Matrix\Spiral Matrix.csproj", "{71C473E5-016D-434C-8CC8-E35BBFDA0C49}"
EndProject
Project("{9A19103F-16F7-4668-BE54-9A1E7A4F7556}") = "Jump Game", "55. Jump Game\Jump Game.csproj", "{147557B2-2649-4014-8561-C64A8096E5CF}"
EndProject
Project("{9A19103F-16F7-4668-BE54-9A1E7A4F7556}") = "Merge Intervals", "56. Merge Intervals\Merge Intervals.csproj", "{E84D08A6-FA81-43E6-B25E-C49BFE81DE88}"
EndProject
Project("{FAE04EC0-301F-11D3-BF4B-00C04F79EFBC}") = "Insert Interval", "57. Insert Interval\Insert Interval\Insert Interval.csproj", "{6F7C96D9-6F1A-459C-B3DB-A32B73BE4A9B}"
EndProject
Global
	GlobalSection(SolutionConfigurationPlatforms) = preSolution
		Debug|Any CPU = Debug|Any CPU
		Release|Any CPU = Release|Any CPU
	EndGlobalSection
	GlobalSection(ProjectConfigurationPlatforms) = postSolution
		{D75E7A52-43DC-42C0-965A-EDD2B10CA4D3}.Debug|Any CPU.ActiveCfg = Debug|Any CPU
		{D75E7A52-43DC-42C0-965A-EDD2B10CA4D3}.Debug|Any CPU.Build.0 = Debug|Any CPU
		{D75E7A52-43DC-42C0-965A-EDD2B10CA4D3}.Release|Any CPU.ActiveCfg = Release|Any CPU
		{D75E7A52-43DC-42C0-965A-EDD2B10CA4D3}.Release|Any CPU.Build.0 = Release|Any CPU
		{85EF2134-1835-433F-AC43-2F2F29154EB4}.Debug|Any CPU.ActiveCfg = Debug|Any CPU
		{85EF2134-1835-433F-AC43-2F2F29154EB4}.Debug|Any CPU.Build.0 = Debug|Any CPU
		{85EF2134-1835-433F-AC43-2F2F29154EB4}.Release|Any CPU.ActiveCfg = Release|Any CPU
		{85EF2134-1835-433F-AC43-2F2F29154EB4}.Release|Any CPU.Build.0 = Release|Any CPU
		{4B1E32E0-A527-4681-9256-7115A7122B36}.Debug|Any CPU.ActiveCfg = Debug|Any CPU
		{4B1E32E0-A527-4681-9256-7115A7122B36}.Debug|Any CPU.Build.0 = Debug|Any CPU
		{4B1E32E0-A527-4681-9256-7115A7122B36}.Release|Any CPU.ActiveCfg = Release|Any CPU
		{4B1E32E0-A527-4681-9256-7115A7122B36}.Release|Any CPU.Build.0 = Release|Any CPU
		{30B6B25F-F167-4ED6-A222-9E6C9C29EB13}.Debug|Any CPU.ActiveCfg = Debug|Any CPU
		{30B6B25F-F167-4ED6-A222-9E6C9C29EB13}.Debug|Any CPU.Build.0 = Debug|Any CPU
		{30B6B25F-F167-4ED6-A222-9E6C9C29EB13}.Release|Any CPU.ActiveCfg = Release|Any CPU
		{30B6B25F-F167-4ED6-A222-9E6C9C29EB13}.Release|Any CPU.Build.0 = Release|Any CPU
		{69B3E5AF-703A-4626-AAFA-FF5D60832CF8}.Debug|Any CPU.ActiveCfg = Debug|Any CPU
		{69B3E5AF-703A-4626-AAFA-FF5D60832CF8}.Debug|Any CPU.Build.0 = Debug|Any CPU
		{69B3E5AF-703A-4626-AAFA-FF5D60832CF8}.Release|Any CPU.ActiveCfg = Release|Any CPU
		{69B3E5AF-703A-4626-AAFA-FF5D60832CF8}.Release|Any CPU.Build.0 = Release|Any CPU
		{B5DDCF2A-3153-49AF-8EAD-FEDBB82015EC}.Debug|Any CPU.ActiveCfg = Debug|Any CPU
		{B5DDCF2A-3153-49AF-8EAD-FEDBB82015EC}.Debug|Any CPU.Build.0 = Debug|Any CPU
		{B5DDCF2A-3153-49AF-8EAD-FEDBB82015EC}.Release|Any CPU.ActiveCfg = Release|Any CPU
		{B5DDCF2A-3153-49AF-8EAD-FEDBB82015EC}.Release|Any CPU.Build.0 = Release|Any CPU
		{E9AF0979-9D72-4CF8-901C-58E06C6081A9}.Debug|Any CPU.ActiveCfg = Debug|Any CPU
		{E9AF0979-9D72-4CF8-901C-58E06C6081A9}.Debug|Any CPU.Build.0 = Debug|Any CPU
		{E9AF0979-9D72-4CF8-901C-58E06C6081A9}.Release|Any CPU.ActiveCfg = Release|Any CPU
		{E9AF0979-9D72-4CF8-901C-58E06C6081A9}.Release|Any CPU.Build.0 = Release|Any CPU
		{A87D4875-DDAC-49A0-BD74-92A97B2CF437}.Debug|Any CPU.ActiveCfg = Debug|Any CPU
		{A87D4875-DDAC-49A0-BD74-92A97B2CF437}.Debug|Any CPU.Build.0 = Debug|Any CPU
		{A87D4875-DDAC-49A0-BD74-92A97B2CF437}.Release|Any CPU.ActiveCfg = Release|Any CPU
		{A87D4875-DDAC-49A0-BD74-92A97B2CF437}.Release|Any CPU.Build.0 = Release|Any CPU
		{98CFE9CC-701A-4096-B19D-CD0EAA658948}.Debug|Any CPU.ActiveCfg = Debug|Any CPU
		{98CFE9CC-701A-4096-B19D-CD0EAA658948}.Debug|Any CPU.Build.0 = Debug|Any CPU
		{98CFE9CC-701A-4096-B19D-CD0EAA658948}.Release|Any CPU.ActiveCfg = Release|Any CPU
		{98CFE9CC-701A-4096-B19D-CD0EAA658948}.Release|Any CPU.Build.0 = Release|Any CPU
		{DD4CD5F3-CE48-4FEF-8702-5E03ABEB8C63}.Debug|Any CPU.ActiveCfg = Debug|Any CPU
		{DD4CD5F3-CE48-4FEF-8702-5E03ABEB8C63}.Debug|Any CPU.Build.0 = Debug|Any CPU
		{DD4CD5F3-CE48-4FEF-8702-5E03ABEB8C63}.Release|Any CPU.ActiveCfg = Release|Any CPU
		{DD4CD5F3-CE48-4FEF-8702-5E03ABEB8C63}.Release|Any CPU.Build.0 = Release|Any CPU
		{A7E4DF40-D10F-484F-B723-E319D017CC68}.Debug|Any CPU.ActiveCfg = Debug|Any CPU
		{A7E4DF40-D10F-484F-B723-E319D017CC68}.Debug|Any CPU.Build.0 = Debug|Any CPU
		{A7E4DF40-D10F-484F-B723-E319D017CC68}.Release|Any CPU.ActiveCfg = Release|Any CPU
		{A7E4DF40-D10F-484F-B723-E319D017CC68}.Release|Any CPU.Build.0 = Release|Any CPU
		{E9FD1E72-9B4D-4D2F-A741-BEF6645C8F5A}.Debug|Any CPU.ActiveCfg = Debug|Any CPU
		{E9FD1E72-9B4D-4D2F-A741-BEF6645C8F5A}.Debug|Any CPU.Build.0 = Debug|Any CPU
		{E9FD1E72-9B4D-4D2F-A741-BEF6645C8F5A}.Release|Any CPU.ActiveCfg = Release|Any CPU
		{E9FD1E72-9B4D-4D2F-A741-BEF6645C8F5A}.Release|Any CPU.Build.0 = Release|Any CPU
		{F800CD30-C734-4859-8E1B-6BF77FD2D427}.Debug|Any CPU.ActiveCfg = Debug|Any CPU
		{F800CD30-C734-4859-8E1B-6BF77FD2D427}.Debug|Any CPU.Build.0 = Debug|Any CPU
		{F800CD30-C734-4859-8E1B-6BF77FD2D427}.Release|Any CPU.ActiveCfg = Release|Any CPU
		{F800CD30-C734-4859-8E1B-6BF77FD2D427}.Release|Any CPU.Build.0 = Release|Any CPU
		{CAF265A5-0774-4C0C-AE3C-FAB0BBA674AA}.Debug|Any CPU.ActiveCfg = Debug|Any CPU
		{CAF265A5-0774-4C0C-AE3C-FAB0BBA674AA}.Debug|Any CPU.Build.0 = Debug|Any CPU
		{CAF265A5-0774-4C0C-AE3C-FAB0BBA674AA}.Release|Any CPU.ActiveCfg = Release|Any CPU
		{CAF265A5-0774-4C0C-AE3C-FAB0BBA674AA}.Release|Any CPU.Build.0 = Release|Any CPU
		{B2236D70-960F-4456-92BA-2B9A2BE77FA6}.Debug|Any CPU.ActiveCfg = Debug|Any CPU
		{B2236D70-960F-4456-92BA-2B9A2BE77FA6}.Debug|Any CPU.Build.0 = Debug|Any CPU
		{B2236D70-960F-4456-92BA-2B9A2BE77FA6}.Release|Any CPU.ActiveCfg = Release|Any CPU
		{B2236D70-960F-4456-92BA-2B9A2BE77FA6}.Release|Any CPU.Build.0 = Release|Any CPU
		{D73E26D9-D219-4A89-BF13-0BCA13162E99}.Debug|Any CPU.ActiveCfg = Debug|Any CPU
		{D73E26D9-D219-4A89-BF13-0BCA13162E99}.Debug|Any CPU.Build.0 = Debug|Any CPU
		{D73E26D9-D219-4A89-BF13-0BCA13162E99}.Release|Any CPU.ActiveCfg = Release|Any CPU
		{D73E26D9-D219-4A89-BF13-0BCA13162E99}.Release|Any CPU.Build.0 = Release|Any CPU
		{CAA1EB3C-E793-4700-8847-8935EEB3E8C5}.Debug|Any CPU.ActiveCfg = Debug|Any CPU
		{CAA1EB3C-E793-4700-8847-8935EEB3E8C5}.Debug|Any CPU.Build.0 = Debug|Any CPU
		{CAA1EB3C-E793-4700-8847-8935EEB3E8C5}.Release|Any CPU.ActiveCfg = Release|Any CPU
		{CAA1EB3C-E793-4700-8847-8935EEB3E8C5}.Release|Any CPU.Build.0 = Release|Any CPU
		{89F8D40F-2030-445E-AA5B-1C777B12C4C6}.Debug|Any CPU.ActiveCfg = Debug|Any CPU
		{89F8D40F-2030-445E-AA5B-1C777B12C4C6}.Debug|Any CPU.Build.0 = Debug|Any CPU
		{89F8D40F-2030-445E-AA5B-1C777B12C4C6}.Release|Any CPU.ActiveCfg = Release|Any CPU
		{89F8D40F-2030-445E-AA5B-1C777B12C4C6}.Release|Any CPU.Build.0 = Release|Any CPU
		{5F5321B5-DFDA-4CFB-8A78-B55F76A94974}.Debug|Any CPU.ActiveCfg = Debug|Any CPU
		{5F5321B5-DFDA-4CFB-8A78-B55F76A94974}.Debug|Any CPU.Build.0 = Debug|Any CPU
		{5F5321B5-DFDA-4CFB-8A78-B55F76A94974}.Release|Any CPU.ActiveCfg = Release|Any CPU
		{5F5321B5-DFDA-4CFB-8A78-B55F76A94974}.Release|Any CPU.Build.0 = Release|Any CPU
		{157EEE25-3135-4578-9FF4-FD6A7F8015AB}.Debug|Any CPU.ActiveCfg = Debug|Any CPU
		{157EEE25-3135-4578-9FF4-FD6A7F8015AB}.Debug|Any CPU.Build.0 = Debug|Any CPU
		{157EEE25-3135-4578-9FF4-FD6A7F8015AB}.Release|Any CPU.ActiveCfg = Release|Any CPU
		{157EEE25-3135-4578-9FF4-FD6A7F8015AB}.Release|Any CPU.Build.0 = Release|Any CPU
		{55C75EEF-E5F8-4928-8F10-720B09CEC0D3}.Debug|Any CPU.ActiveCfg = Debug|Any CPU
		{55C75EEF-E5F8-4928-8F10-720B09CEC0D3}.Debug|Any CPU.Build.0 = Debug|Any CPU
		{55C75EEF-E5F8-4928-8F10-720B09CEC0D3}.Release|Any CPU.ActiveCfg = Release|Any CPU
		{55C75EEF-E5F8-4928-8F10-720B09CEC0D3}.Release|Any CPU.Build.0 = Release|Any CPU
		{AA5A39B3-D5C2-491C-8D9D-71A99F5F7693}.Debug|Any CPU.ActiveCfg = Debug|Any CPU
		{AA5A39B3-D5C2-491C-8D9D-71A99F5F7693}.Debug|Any CPU.Build.0 = Debug|Any CPU
		{AA5A39B3-D5C2-491C-8D9D-71A99F5F7693}.Release|Any CPU.ActiveCfg = Release|Any CPU
		{AA5A39B3-D5C2-491C-8D9D-71A99F5F7693}.Release|Any CPU.Build.0 = Release|Any CPU
		{5DB58201-B61D-4848-9452-E21CEE027F91}.Debug|Any CPU.ActiveCfg = Debug|Any CPU
		{5DB58201-B61D-4848-9452-E21CEE027F91}.Debug|Any CPU.Build.0 = Debug|Any CPU
		{5DB58201-B61D-4848-9452-E21CEE027F91}.Release|Any CPU.ActiveCfg = Release|Any CPU
		{5DB58201-B61D-4848-9452-E21CEE027F91}.Release|Any CPU.Build.0 = Release|Any CPU
		{C1AAA095-E381-4A81-A665-F4D08A0F0F07}.Debug|Any CPU.ActiveCfg = Debug|Any CPU
		{C1AAA095-E381-4A81-A665-F4D08A0F0F07}.Debug|Any CPU.Build.0 = Debug|Any CPU
		{C1AAA095-E381-4A81-A665-F4D08A0F0F07}.Release|Any CPU.ActiveCfg = Release|Any CPU
		{C1AAA095-E381-4A81-A665-F4D08A0F0F07}.Release|Any CPU.Build.0 = Release|Any CPU
		{342CB723-4AAA-46D2-ABBC-00F55672CDC1}.Debug|Any CPU.ActiveCfg = Debug|Any CPU
		{342CB723-4AAA-46D2-ABBC-00F55672CDC1}.Debug|Any CPU.Build.0 = Debug|Any CPU
		{342CB723-4AAA-46D2-ABBC-00F55672CDC1}.Release|Any CPU.ActiveCfg = Release|Any CPU
		{342CB723-4AAA-46D2-ABBC-00F55672CDC1}.Release|Any CPU.Build.0 = Release|Any CPU
		{3D3DF232-598B-487C-AD0F-DD108ABBE8EA}.Debug|Any CPU.ActiveCfg = Debug|Any CPU
		{3D3DF232-598B-487C-AD0F-DD108ABBE8EA}.Debug|Any CPU.Build.0 = Debug|Any CPU
		{3D3DF232-598B-487C-AD0F-DD108ABBE8EA}.Release|Any CPU.ActiveCfg = Release|Any CPU
		{3D3DF232-598B-487C-AD0F-DD108ABBE8EA}.Release|Any CPU.Build.0 = Release|Any CPU
		{CE3CCC5C-ED41-4577-B78C-FE0EB317E821}.Debug|Any CPU.ActiveCfg = Debug|Any CPU
		{CE3CCC5C-ED41-4577-B78C-FE0EB317E821}.Debug|Any CPU.Build.0 = Debug|Any CPU
		{CE3CCC5C-ED41-4577-B78C-FE0EB317E821}.Release|Any CPU.ActiveCfg = Release|Any CPU
		{CE3CCC5C-ED41-4577-B78C-FE0EB317E821}.Release|Any CPU.Build.0 = Release|Any CPU
		{56E60F90-025B-4E47-BA02-2E8EEE326FA5}.Debug|Any CPU.ActiveCfg = Debug|Any CPU
		{56E60F90-025B-4E47-BA02-2E8EEE326FA5}.Debug|Any CPU.Build.0 = Debug|Any CPU
		{56E60F90-025B-4E47-BA02-2E8EEE326FA5}.Release|Any CPU.ActiveCfg = Release|Any CPU
		{56E60F90-025B-4E47-BA02-2E8EEE326FA5}.Release|Any CPU.Build.0 = Release|Any CPU
		{2E198593-8104-45F0-90EA-D1DFF6763604}.Debug|Any CPU.ActiveCfg = Debug|Any CPU
		{2E198593-8104-45F0-90EA-D1DFF6763604}.Debug|Any CPU.Build.0 = Debug|Any CPU
		{2E198593-8104-45F0-90EA-D1DFF6763604}.Release|Any CPU.ActiveCfg = Release|Any CPU
		{2E198593-8104-45F0-90EA-D1DFF6763604}.Release|Any CPU.Build.0 = Release|Any CPU
		{873E9806-11F5-44FD-AE07-D6F43DE568A2}.Debug|Any CPU.ActiveCfg = Debug|Any CPU
		{873E9806-11F5-44FD-AE07-D6F43DE568A2}.Debug|Any CPU.Build.0 = Debug|Any CPU
		{873E9806-11F5-44FD-AE07-D6F43DE568A2}.Release|Any CPU.ActiveCfg = Release|Any CPU
		{873E9806-11F5-44FD-AE07-D6F43DE568A2}.Release|Any CPU.Build.0 = Release|Any CPU
		{5CFBE930-F8B8-4667-A2C8-5DFFE2B00C5D}.Debug|Any CPU.ActiveCfg = Debug|Any CPU
		{5CFBE930-F8B8-4667-A2C8-5DFFE2B00C5D}.Debug|Any CPU.Build.0 = Debug|Any CPU
		{5CFBE930-F8B8-4667-A2C8-5DFFE2B00C5D}.Release|Any CPU.ActiveCfg = Release|Any CPU
		{5CFBE930-F8B8-4667-A2C8-5DFFE2B00C5D}.Release|Any CPU.Build.0 = Release|Any CPU
		{946EC489-1092-4F7F-938F-0815C10B290C}.Debug|Any CPU.ActiveCfg = Debug|Any CPU
		{946EC489-1092-4F7F-938F-0815C10B290C}.Debug|Any CPU.Build.0 = Debug|Any CPU
		{946EC489-1092-4F7F-938F-0815C10B290C}.Release|Any CPU.ActiveCfg = Release|Any CPU
		{946EC489-1092-4F7F-938F-0815C10B290C}.Release|Any CPU.Build.0 = Release|Any CPU
		{027D3D30-EFCC-4EB8-BF0A-4BA92800E56A}.Debug|Any CPU.ActiveCfg = Debug|Any CPU
		{027D3D30-EFCC-4EB8-BF0A-4BA92800E56A}.Debug|Any CPU.Build.0 = Debug|Any CPU
		{027D3D30-EFCC-4EB8-BF0A-4BA92800E56A}.Release|Any CPU.ActiveCfg = Release|Any CPU
		{027D3D30-EFCC-4EB8-BF0A-4BA92800E56A}.Release|Any CPU.Build.0 = Release|Any CPU
		{7037E0EA-F078-4E66-A821-2AB84164015D}.Debug|Any CPU.ActiveCfg = Debug|Any CPU
		{7037E0EA-F078-4E66-A821-2AB84164015D}.Debug|Any CPU.Build.0 = Debug|Any CPU
		{7037E0EA-F078-4E66-A821-2AB84164015D}.Release|Any CPU.ActiveCfg = Release|Any CPU
		{7037E0EA-F078-4E66-A821-2AB84164015D}.Release|Any CPU.Build.0 = Release|Any CPU
		{A03D7180-E127-4A25-A0FD-C775F225FA2B}.Debug|Any CPU.ActiveCfg = Debug|Any CPU
		{A03D7180-E127-4A25-A0FD-C775F225FA2B}.Debug|Any CPU.Build.0 = Debug|Any CPU
		{A03D7180-E127-4A25-A0FD-C775F225FA2B}.Release|Any CPU.ActiveCfg = Release|Any CPU
		{A03D7180-E127-4A25-A0FD-C775F225FA2B}.Release|Any CPU.Build.0 = Release|Any CPU
		{01D194C0-63BE-41AA-B516-2B267812C756}.Debug|Any CPU.ActiveCfg = Debug|Any CPU
		{01D194C0-63BE-41AA-B516-2B267812C756}.Debug|Any CPU.Build.0 = Debug|Any CPU
		{01D194C0-63BE-41AA-B516-2B267812C756}.Release|Any CPU.ActiveCfg = Release|Any CPU
		{01D194C0-63BE-41AA-B516-2B267812C756}.Release|Any CPU.Build.0 = Release|Any CPU
		{ED108EA9-DBF1-4453-ABEF-B700580CA5EF}.Debug|Any CPU.ActiveCfg = Debug|Any CPU
		{ED108EA9-DBF1-4453-ABEF-B700580CA5EF}.Debug|Any CPU.Build.0 = Debug|Any CPU
		{ED108EA9-DBF1-4453-ABEF-B700580CA5EF}.Release|Any CPU.ActiveCfg = Release|Any CPU
		{ED108EA9-DBF1-4453-ABEF-B700580CA5EF}.Release|Any CPU.Build.0 = Release|Any CPU
		{EBB8A877-365E-4777-85D8-D4F6ABBAD2FB}.Debug|Any CPU.ActiveCfg = Debug|Any CPU
		{EBB8A877-365E-4777-85D8-D4F6ABBAD2FB}.Debug|Any CPU.Build.0 = Debug|Any CPU
		{EBB8A877-365E-4777-85D8-D4F6ABBAD2FB}.Release|Any CPU.ActiveCfg = Release|Any CPU
		{EBB8A877-365E-4777-85D8-D4F6ABBAD2FB}.Release|Any CPU.Build.0 = Release|Any CPU
		{96A4EF0C-BBA9-4469-A87C-BBD5C58EE8A1}.Debug|Any CPU.ActiveCfg = Debug|Any CPU
		{96A4EF0C-BBA9-4469-A87C-BBD5C58EE8A1}.Debug|Any CPU.Build.0 = Debug|Any CPU
		{96A4EF0C-BBA9-4469-A87C-BBD5C58EE8A1}.Release|Any CPU.ActiveCfg = Release|Any CPU
		{96A4EF0C-BBA9-4469-A87C-BBD5C58EE8A1}.Release|Any CPU.Build.0 = Release|Any CPU
		{493A8E15-7650-4D48-8D8B-7F4579D5185C}.Debug|Any CPU.ActiveCfg = Debug|Any CPU
		{493A8E15-7650-4D48-8D8B-7F4579D5185C}.Debug|Any CPU.Build.0 = Debug|Any CPU
		{493A8E15-7650-4D48-8D8B-7F4579D5185C}.Release|Any CPU.ActiveCfg = Release|Any CPU
		{493A8E15-7650-4D48-8D8B-7F4579D5185C}.Release|Any CPU.Build.0 = Release|Any CPU
		{B6DDC614-CD77-42A3-8848-20FD0F0AB93C}.Debug|Any CPU.ActiveCfg = Debug|Any CPU
		{B6DDC614-CD77-42A3-8848-20FD0F0AB93C}.Debug|Any CPU.Build.0 = Debug|Any CPU
		{B6DDC614-CD77-42A3-8848-20FD0F0AB93C}.Release|Any CPU.ActiveCfg = Release|Any CPU
		{B6DDC614-CD77-42A3-8848-20FD0F0AB93C}.Release|Any CPU.Build.0 = Release|Any CPU
		{9A6EED32-EE96-48B0-A833-7458AA56B912}.Debug|Any CPU.ActiveCfg = Debug|Any CPU
		{9A6EED32-EE96-48B0-A833-7458AA56B912}.Debug|Any CPU.Build.0 = Debug|Any CPU
		{9A6EED32-EE96-48B0-A833-7458AA56B912}.Release|Any CPU.ActiveCfg = Release|Any CPU
		{9A6EED32-EE96-48B0-A833-7458AA56B912}.Release|Any CPU.Build.0 = Release|Any CPU
		{3B087E55-859E-484D-A7F6-51D391AEB9C3}.Debug|Any CPU.ActiveCfg = Debug|Any CPU
		{3B087E55-859E-484D-A7F6-51D391AEB9C3}.Debug|Any CPU.Build.0 = Debug|Any CPU
		{3B087E55-859E-484D-A7F6-51D391AEB9C3}.Release|Any CPU.ActiveCfg = Release|Any CPU
		{3B087E55-859E-484D-A7F6-51D391AEB9C3}.Release|Any CPU.Build.0 = Release|Any CPU
		{D41F34E5-29E1-4CA0-8027-CDFB3FFB53B7}.Debug|Any CPU.ActiveCfg = Debug|Any CPU
		{D41F34E5-29E1-4CA0-8027-CDFB3FFB53B7}.Debug|Any CPU.Build.0 = Debug|Any CPU
		{D41F34E5-29E1-4CA0-8027-CDFB3FFB53B7}.Release|Any CPU.ActiveCfg = Release|Any CPU
		{D41F34E5-29E1-4CA0-8027-CDFB3FFB53B7}.Release|Any CPU.Build.0 = Release|Any CPU
		{982F2248-B0AF-45B4-B2AA-E85BDE456A02}.Debug|Any CPU.ActiveCfg = Debug|Any CPU
		{982F2248-B0AF-45B4-B2AA-E85BDE456A02}.Debug|Any CPU.Build.0 = Debug|Any CPU
		{982F2248-B0AF-45B4-B2AA-E85BDE456A02}.Release|Any CPU.ActiveCfg = Release|Any CPU
		{982F2248-B0AF-45B4-B2AA-E85BDE456A02}.Release|Any CPU.Build.0 = Release|Any CPU
		{8592CC3B-316E-4DDF-B291-AAF6C115C2A5}.Debug|Any CPU.ActiveCfg = Debug|Any CPU
		{8592CC3B-316E-4DDF-B291-AAF6C115C2A5}.Debug|Any CPU.Build.0 = Debug|Any CPU
		{8592CC3B-316E-4DDF-B291-AAF6C115C2A5}.Release|Any CPU.ActiveCfg = Release|Any CPU
		{8592CC3B-316E-4DDF-B291-AAF6C115C2A5}.Release|Any CPU.Build.0 = Release|Any CPU
		{20D1E3E4-AB22-4D17-9B13-9659679C2ABF}.Debug|Any CPU.ActiveCfg = Debug|Any CPU
		{20D1E3E4-AB22-4D17-9B13-9659679C2ABF}.Debug|Any CPU.Build.0 = Debug|Any CPU
		{20D1E3E4-AB22-4D17-9B13-9659679C2ABF}.Release|Any CPU.ActiveCfg = Release|Any CPU
		{20D1E3E4-AB22-4D17-9B13-9659679C2ABF}.Release|Any CPU.Build.0 = Release|Any CPU
		{71C473E5-016D-434C-8CC8-E35BBFDA0C49}.Debug|Any CPU.ActiveCfg = Debug|Any CPU
		{71C473E5-016D-434C-8CC8-E35BBFDA0C49}.Debug|Any CPU.Build.0 = Debug|Any CPU
		{71C473E5-016D-434C-8CC8-E35BBFDA0C49}.Release|Any CPU.ActiveCfg = Release|Any CPU
		{71C473E5-016D-434C-8CC8-E35BBFDA0C49}.Release|Any CPU.Build.0 = Release|Any CPU
		{147557B2-2649-4014-8561-C64A8096E5CF}.Debug|Any CPU.ActiveCfg = Debug|Any CPU
		{147557B2-2649-4014-8561-C64A8096E5CF}.Debug|Any CPU.Build.0 = Debug|Any CPU
		{147557B2-2649-4014-8561-C64A8096E5CF}.Release|Any CPU.ActiveCfg = Release|Any CPU
		{147557B2-2649-4014-8561-C64A8096E5CF}.Release|Any CPU.Build.0 = Release|Any CPU
		{E84D08A6-FA81-43E6-B25E-C49BFE81DE88}.Debug|Any CPU.ActiveCfg = Debug|Any CPU
		{E84D08A6-FA81-43E6-B25E-C49BFE81DE88}.Debug|Any CPU.Build.0 = Debug|Any CPU
		{E84D08A6-FA81-43E6-B25E-C49BFE81DE88}.Release|Any CPU.ActiveCfg = Release|Any CPU
		{E84D08A6-FA81-43E6-B25E-C49BFE81DE88}.Release|Any CPU.Build.0 = Release|Any CPU
		{6F7C96D9-6F1A-459C-B3DB-A32B73BE4A9B}.Debug|Any CPU.ActiveCfg = Debug|Any CPU
		{6F7C96D9-6F1A-459C-B3DB-A32B73BE4A9B}.Debug|Any CPU.Build.0 = Debug|Any CPU
		{6F7C96D9-6F1A-459C-B3DB-A32B73BE4A9B}.Release|Any CPU.ActiveCfg = Release|Any CPU
		{6F7C96D9-6F1A-459C-B3DB-A32B73BE4A9B}.Release|Any CPU.Build.0 = Release|Any CPU
	EndGlobalSection
	GlobalSection(SolutionProperties) = preSolution
		HideSolutionNode = FALSE
	EndGlobalSection
	GlobalSection(NestedProjects) = preSolution
		{D75E7A52-43DC-42C0-965A-EDD2B10CA4D3} = {5706E668-C743-454C-8A75-62F63BA413BB}
		{85EF2134-1835-433F-AC43-2F2F29154EB4} = {5706E668-C743-454C-8A75-62F63BA413BB}
		{4B1E32E0-A527-4681-9256-7115A7122B36} = {5706E668-C743-454C-8A75-62F63BA413BB}
		{30B6B25F-F167-4ED6-A222-9E6C9C29EB13} = {5706E668-C743-454C-8A75-62F63BA413BB}
		{69B3E5AF-703A-4626-AAFA-FF5D60832CF8} = {5706E668-C743-454C-8A75-62F63BA413BB}
		{B5DDCF2A-3153-49AF-8EAD-FEDBB82015EC} = {5706E668-C743-454C-8A75-62F63BA413BB}
		{E9AF0979-9D72-4CF8-901C-58E06C6081A9} = {5706E668-C743-454C-8A75-62F63BA413BB}
		{A87D4875-DDAC-49A0-BD74-92A97B2CF437} = {5706E668-C743-454C-8A75-62F63BA413BB}
		{98CFE9CC-701A-4096-B19D-CD0EAA658948} = {5706E668-C743-454C-8A75-62F63BA413BB}
		{DD4CD5F3-CE48-4FEF-8702-5E03ABEB8C63} = {5706E668-C743-454C-8A75-62F63BA413BB}
		{A7E4DF40-D10F-484F-B723-E319D017CC68} = {8EEE481F-699A-43D8-921E-2456C05DFA55}
		{E9FD1E72-9B4D-4D2F-A741-BEF6645C8F5A} = {8EEE481F-699A-43D8-921E-2456C05DFA55}
		{F800CD30-C734-4859-8E1B-6BF77FD2D427} = {8EEE481F-699A-43D8-921E-2456C05DFA55}
		{CAF265A5-0774-4C0C-AE3C-FAB0BBA674AA} = {8EEE481F-699A-43D8-921E-2456C05DFA55}
		{B2236D70-960F-4456-92BA-2B9A2BE77FA6} = {8EEE481F-699A-43D8-921E-2456C05DFA55}
		{D73E26D9-D219-4A89-BF13-0BCA13162E99} = {8EEE481F-699A-43D8-921E-2456C05DFA55}
		{CAA1EB3C-E793-4700-8847-8935EEB3E8C5} = {D4D25FD0-109A-427E-B01D-8EEA560D4A41}
		{89F8D40F-2030-445E-AA5B-1C777B12C4C6} = {D4D25FD0-109A-427E-B01D-8EEA560D4A41}
		{5F5321B5-DFDA-4CFB-8A78-B55F76A94974} = {D4D25FD0-109A-427E-B01D-8EEA560D4A41}
		{157EEE25-3135-4578-9FF4-FD6A7F8015AB} = {D4D25FD0-109A-427E-B01D-8EEA560D4A41}
		{55C75EEF-E5F8-4928-8F10-720B09CEC0D3} = {D4D25FD0-109A-427E-B01D-8EEA560D4A41}
		{AA5A39B3-D5C2-491C-8D9D-71A99F5F7693} = {D4D25FD0-109A-427E-B01D-8EEA560D4A41}
		{5DB58201-B61D-4848-9452-E21CEE027F91} = {D4D25FD0-109A-427E-B01D-8EEA560D4A41}
		{C1AAA095-E381-4A81-A665-F4D08A0F0F07} = {D4D25FD0-109A-427E-B01D-8EEA560D4A41}
		{342CB723-4AAA-46D2-ABBC-00F55672CDC1} = {D4D25FD0-109A-427E-B01D-8EEA560D4A41}
		{3D3DF232-598B-487C-AD0F-DD108ABBE8EA} = {D4D25FD0-109A-427E-B01D-8EEA560D4A41}
		{CE3CCC5C-ED41-4577-B78C-FE0EB317E821} = {03A5086D-CE1B-4416-8BA9-8328D0EDAE41}
		{56E60F90-025B-4E47-BA02-2E8EEE326FA5} = {03A5086D-CE1B-4416-8BA9-8328D0EDAE41}
		{2E198593-8104-45F0-90EA-D1DFF6763604} = {03A5086D-CE1B-4416-8BA9-8328D0EDAE41}
		{873E9806-11F5-44FD-AE07-D6F43DE568A2} = {03A5086D-CE1B-4416-8BA9-8328D0EDAE41}
		{5CFBE930-F8B8-4667-A2C8-5DFFE2B00C5D} = {03A5086D-CE1B-4416-8BA9-8328D0EDAE41}
		{946EC489-1092-4F7F-938F-0815C10B290C} = {03A5086D-CE1B-4416-8BA9-8328D0EDAE41}
		{027D3D30-EFCC-4EB8-BF0A-4BA92800E56A} = {03A5086D-CE1B-4416-8BA9-8328D0EDAE41}
		{7037E0EA-F078-4E66-A821-2AB84164015D} = {03A5086D-CE1B-4416-8BA9-8328D0EDAE41}
		{A03D7180-E127-4A25-A0FD-C775F225FA2B} = {03A5086D-CE1B-4416-8BA9-8328D0EDAE41}
		{01D194C0-63BE-41AA-B516-2B267812C756} = {3CC63AAB-625C-40DB-B557-795FCC08BD78}
		{ED108EA9-DBF1-4453-ABEF-B700580CA5EF} = {3CC63AAB-625C-40DB-B557-795FCC08BD78}
		{EBB8A877-365E-4777-85D8-D4F6ABBAD2FB} = {3CC63AAB-625C-40DB-B557-795FCC08BD78}
		{96A4EF0C-BBA9-4469-A87C-BBD5C58EE8A1} = {3CC63AAB-625C-40DB-B557-795FCC08BD78}
		{493A8E15-7650-4D48-8D8B-7F4579D5185C} = {3CC63AAB-625C-40DB-B557-795FCC08BD78}
		{B6DDC614-CD77-42A3-8848-20FD0F0AB93C} = {3CC63AAB-625C-40DB-B557-795FCC08BD78}
		{9A6EED32-EE96-48B0-A833-7458AA56B912} = {3CC63AAB-625C-40DB-B557-795FCC08BD78}
		{3B087E55-859E-484D-A7F6-51D391AEB9C3} = {3CC63AAB-625C-40DB-B557-795FCC08BD78}
		{D41F34E5-29E1-4CA0-8027-CDFB3FFB53B7} = {3CC63AAB-625C-40DB-B557-795FCC08BD78}
		{982F2248-B0AF-45B4-B2AA-E85BDE456A02} = {C84EE484-7359-4362-9A6E-81AC08E8EDF8}
		{20D1E3E4-AB22-4D17-9B13-9659679C2ABF} = {C84EE484-7359-4362-9A6E-81AC08E8EDF8}
		{71C473E5-016D-434C-8CC8-E35BBFDA0C49} = {C84EE484-7359-4362-9A6E-81AC08E8EDF8}
		{147557B2-2649-4014-8561-C64A8096E5CF} = {C84EE484-7359-4362-9A6E-81AC08E8EDF8}
		{E84D08A6-FA81-43E6-B25E-C49BFE81DE88} = {C84EE484-7359-4362-9A6E-81AC08E8EDF8}
		{6F7C96D9-6F1A-459C-B3DB-A32B73BE4A9B} = {C84EE484-7359-4362-9A6E-81AC08E8EDF8}
	EndGlobalSection
	GlobalSection(ExtensibilityGlobals) = postSolution
		SolutionGuid = {1B45E071-3899-43C6-BDE8-9E1EF909D170}
	EndGlobalSection
EndGlobal
